// !$*UTF8*$!
{
	archiveVersion = 1;
	classes = {
	};
	objectVersion = 46;
	objects = {

/* Begin PBXBuildFile section */
		98213DF41C654F19004B732B /* DandyModel.xcdatamodeld in Sources */ = {isa = PBXBuildFile; fileRef = 98213DF21C654F19004B732B /* DandyModel.xcdatamodeld */; };
		9836F9021CBEFE2300AD92DF /* Constants.swift in Sources */ = {isa = PBXBuildFile; fileRef = 9836F8F01CBEFE2300AD92DF /* Constants.swift */; };
		9836F9031CBEFE2300AD92DF /* CoreDataDandy+Internal.swift in Sources */ = {isa = PBXBuildFile; fileRef = 9836F8F21CBEFE2300AD92DF /* CoreDataDandy+Internal.swift */; };
		9836F9041CBEFE2300AD92DF /* CoreDataDandy.swift in Sources */ = {isa = PBXBuildFile; fileRef = 9836F8F31CBEFE2300AD92DF /* CoreDataDandy.swift */; };
		9836F9051CBEFE2300AD92DF /* EntityMapper.swift in Sources */ = {isa = PBXBuildFile; fileRef = 9836F8F41CBEFE2300AD92DF /* EntityMapper.swift */; };
		9836F9061CBEFE2300AD92DF /* Logger.swift in Sources */ = {isa = PBXBuildFile; fileRef = 9836F8F51CBEFE2300AD92DF /* Logger.swift */; };
		9836F9071CBEFE2300AD92DF /* MappingFinalizer.swift in Sources */ = {isa = PBXBuildFile; fileRef = 9836F8F61CBEFE2300AD92DF /* MappingFinalizer.swift */; };
		9836F9081CBEFE2300AD92DF /* ObjectFactory.swift in Sources */ = {isa = PBXBuildFile; fileRef = 9836F8F71CBEFE2300AD92DF /* ObjectFactory.swift */; };
		9836F9091CBEFE2300AD92DF /* PersistentStackCoordinator.swift in Sources */ = {isa = PBXBuildFile; fileRef = 9836F8F81CBEFE2300AD92DF /* PersistentStackCoordinator.swift */; };
		9836F90A1CBEFE2300AD92DF /* PropertyDescription.swift in Sources */ = {isa = PBXBuildFile; fileRef = 9836F8F91CBEFE2300AD92DF /* PropertyDescription.swift */; };
		9836F90B1CBEFE2300AD92DF /* Serializer.swift in Sources */ = {isa = PBXBuildFile; fileRef = 9836F8FA1CBEFE2300AD92DF /* Serializer.swift */; };
		9836F90C1CBEFE2300AD92DF /* Dictionary+Dandy.swift in Sources */ = {isa = PBXBuildFile; fileRef = 9836F8FC1CBEFE2300AD92DF /* Dictionary+Dandy.swift */; };
		9836F90D1CBEFE2300AD92DF /* NSEntityDescription+Dandy.swift in Sources */ = {isa = PBXBuildFile; fileRef = 9836F8FD1CBEFE2300AD92DF /* NSEntityDescription+Dandy.swift */; };
		9836F90E1CBEFE2300AD92DF /* ConvertibleType.swift in Sources */ = {isa = PBXBuildFile; fileRef = 9836F8FF1CBEFE2300AD92DF /* ConvertibleType.swift */; };
		9836F90F1CBEFE2300AD92DF /* CoreDataValueConverter.swift in Sources */ = {isa = PBXBuildFile; fileRef = 9836F9001CBEFE2300AD92DF /* CoreDataValueConverter.swift */; };
		9836F9101CBEFE2300AD92DF /* ValueConverter.swift in Sources */ = {isa = PBXBuildFile; fileRef = 9836F9011CBEFE2300AD92DF /* ValueConverter.swift */; };
		9867478E1CBBFD6400559E35 /* Conclusion+CoreDataProperties.swift in Sources */ = {isa = PBXBuildFile; fileRef = 9867478C1CBBFD6400559E35 /* Conclusion+CoreDataProperties.swift */; };
		9867478F1CBBFD6400559E35 /* Conclusion.swift in Sources */ = {isa = PBXBuildFile; fileRef = 9867478D1CBBFD6400559E35 /* Conclusion.swift */; };
		986747A01CBBFD7800559E35 /* Space+CoreDataProperties.swift in Sources */ = {isa = PBXBuildFile; fileRef = 986747901CBBFD7800559E35 /* Space+CoreDataProperties.swift */; };
		986747A11CBBFD7800559E35 /* Space.swift in Sources */ = {isa = PBXBuildFile; fileRef = 986747911CBBFD7800559E35 /* Space.swift */; };
		986747A21CBBFD7800559E35 /* Hat+CoreDataProperties.swift in Sources */ = {isa = PBXBuildFile; fileRef = 986747921CBBFD7800559E35 /* Hat+CoreDataProperties.swift */; };
		986747A31CBBFD7800559E35 /* Hat.swift in Sources */ = {isa = PBXBuildFile; fileRef = 986747931CBBFD7800559E35 /* Hat.swift */; };
		986747A41CBBFD7800559E35 /* Slander+CoreDataProperties.swift in Sources */ = {isa = PBXBuildFile; fileRef = 986747941CBBFD7800559E35 /* Slander+CoreDataProperties.swift */; };
		986747A51CBBFD7800559E35 /* Slander.swift in Sources */ = {isa = PBXBuildFile; fileRef = 986747951CBBFD7800559E35 /* Slander.swift */; };
		986747A61CBBFD7800559E35 /* Gossip+CoreDataProperties.swift in Sources */ = {isa = PBXBuildFile; fileRef = 986747961CBBFD7800559E35 /* Gossip+CoreDataProperties.swift */; };
		986747A71CBBFD7800559E35 /* Gossip.swift in Sources */ = {isa = PBXBuildFile; fileRef = 986747971CBBFD7800559E35 /* Gossip.swift */; };
		986747A81CBBFD7800559E35 /* Plebian+CoreDataProperties.swift in Sources */ = {isa = PBXBuildFile; fileRef = 986747981CBBFD7800559E35 /* Plebian+CoreDataProperties.swift */; };
		986747A91CBBFD7800559E35 /* Plebian.swift in Sources */ = {isa = PBXBuildFile; fileRef = 986747991CBBFD7800559E35 /* Plebian.swift */; };
		986747AA1CBBFD7800559E35 /* Dandy_+CoreDataProperties.swift in Sources */ = {isa = PBXBuildFile; fileRef = 9867479A1CBBFD7800559E35 /* Dandy_+CoreDataProperties.swift */; };
		986747AB1CBBFD7800559E35 /* Dandy_.swift in Sources */ = {isa = PBXBuildFile; fileRef = 9867479B1CBBFD7800559E35 /* Dandy_.swift */; };
		986747AC1CBBFD7800559E35 /* Flattery+CoreDataProperties.swift in Sources */ = {isa = PBXBuildFile; fileRef = 9867479C1CBBFD7800559E35 /* Flattery+CoreDataProperties.swift */; };
		986747AD1CBBFD7800559E35 /* Flattery.swift in Sources */ = {isa = PBXBuildFile; fileRef = 9867479D1CBBFD7800559E35 /* Flattery.swift */; };
		986747AE1CBBFD7800559E35 /* Material+CoreDataProperties.swift in Sources */ = {isa = PBXBuildFile; fileRef = 9867479E1CBBFD7800559E35 /* Material+CoreDataProperties.swift */; };
		986747AF1CBBFD7800559E35 /* Material.swift in Sources */ = {isa = PBXBuildFile; fileRef = 9867479F1CBBFD7800559E35 /* Material.swift */; };
		986BAF9F1CD2C3BB00F309C0 /* NSFileManager+Directory.swift in Sources */ = {isa = PBXBuildFile; fileRef = 986BAF9E1CD2C3BB00F309C0 /* NSFileManager+Directory.swift */; };
		988F4A6A1B3632EE00E71046 /* CoreDataDandyTests.swift in Sources */ = {isa = PBXBuildFile; fileRef = 988F4A691B3632EE00E71046 /* CoreDataDandyTests.swift */; };
/* End PBXBuildFile section */

/* Begin PBXFileReference section */
		98213DF31C654F19004B732B /* DandyModel.xcdatamodel */ = {isa = PBXFileReference; lastKnownFileType = wrapper.xcdatamodel; path = DandyModel.xcdatamodel; sourceTree = "<group>"; };
		9836F8F01CBEFE2300AD92DF /* Constants.swift */ = {isa = PBXFileReference; fileEncoding = 4; lastKnownFileType = sourcecode.swift; path = Constants.swift; sourceTree = "<group>"; };
		9836F8F21CBEFE2300AD92DF /* CoreDataDandy+Internal.swift */ = {isa = PBXFileReference; fileEncoding = 4; lastKnownFileType = sourcecode.swift; path = "CoreDataDandy+Internal.swift"; sourceTree = "<group>"; };
		9836F8F31CBEFE2300AD92DF /* CoreDataDandy.swift */ = {isa = PBXFileReference; fileEncoding = 4; lastKnownFileType = sourcecode.swift; path = CoreDataDandy.swift; sourceTree = "<group>"; };
		9836F8F41CBEFE2300AD92DF /* EntityMapper.swift */ = {isa = PBXFileReference; fileEncoding = 4; lastKnownFileType = sourcecode.swift; path = EntityMapper.swift; sourceTree = "<group>"; };
		9836F8F51CBEFE2300AD92DF /* Logger.swift */ = {isa = PBXFileReference; fileEncoding = 4; lastKnownFileType = sourcecode.swift; path = Logger.swift; sourceTree = "<group>"; };
		9836F8F61CBEFE2300AD92DF /* MappingFinalizer.swift */ = {isa = PBXFileReference; fileEncoding = 4; lastKnownFileType = sourcecode.swift; path = MappingFinalizer.swift; sourceTree = "<group>"; };
		9836F8F71CBEFE2300AD92DF /* ObjectFactory.swift */ = {isa = PBXFileReference; fileEncoding = 4; lastKnownFileType = sourcecode.swift; path = ObjectFactory.swift; sourceTree = "<group>"; };
		9836F8F81CBEFE2300AD92DF /* PersistentStackCoordinator.swift */ = {isa = PBXFileReference; fileEncoding = 4; lastKnownFileType = sourcecode.swift; path = PersistentStackCoordinator.swift; sourceTree = "<group>"; };
		9836F8F91CBEFE2300AD92DF /* PropertyDescription.swift */ = {isa = PBXFileReference; fileEncoding = 4; lastKnownFileType = sourcecode.swift; path = PropertyDescription.swift; sourceTree = "<group>"; };
		9836F8FA1CBEFE2300AD92DF /* Serializer.swift */ = {isa = PBXFileReference; fileEncoding = 4; lastKnownFileType = sourcecode.swift; path = Serializer.swift; sourceTree = "<group>"; };
		9836F8FC1CBEFE2300AD92DF /* Dictionary+Dandy.swift */ = {isa = PBXFileReference; fileEncoding = 4; lastKnownFileType = sourcecode.swift; path = "Dictionary+Dandy.swift"; sourceTree = "<group>"; };
		9836F8FD1CBEFE2300AD92DF /* NSEntityDescription+Dandy.swift */ = {isa = PBXFileReference; fileEncoding = 4; lastKnownFileType = sourcecode.swift; path = "NSEntityDescription+Dandy.swift"; sourceTree = "<group>"; };
		9836F8FF1CBEFE2300AD92DF /* ConvertibleType.swift */ = {isa = PBXFileReference; fileEncoding = 4; lastKnownFileType = sourcecode.swift; path = ConvertibleType.swift; sourceTree = "<group>"; };
		9836F9001CBEFE2300AD92DF /* CoreDataValueConverter.swift */ = {isa = PBXFileReference; fileEncoding = 4; lastKnownFileType = sourcecode.swift; path = CoreDataValueConverter.swift; sourceTree = "<group>"; };
		9836F9011CBEFE2300AD92DF /* ValueConverter.swift */ = {isa = PBXFileReference; fileEncoding = 4; lastKnownFileType = sourcecode.swift; path = ValueConverter.swift; sourceTree = "<group>"; };
		9867478C1CBBFD6400559E35 /* Conclusion+CoreDataProperties.swift */ = {isa = PBXFileReference; fileEncoding = 4; lastKnownFileType = sourcecode.swift; path = "Conclusion+CoreDataProperties.swift"; sourceTree = "<group>"; };
		9867478D1CBBFD6400559E35 /* Conclusion.swift */ = {isa = PBXFileReference; fileEncoding = 4; lastKnownFileType = sourcecode.swift; path = Conclusion.swift; sourceTree = "<group>"; };
		986747901CBBFD7800559E35 /* Space+CoreDataProperties.swift */ = {isa = PBXFileReference; fileEncoding = 4; lastKnownFileType = sourcecode.swift; path = "Space+CoreDataProperties.swift"; sourceTree = "<group>"; };
		986747911CBBFD7800559E35 /* Space.swift */ = {isa = PBXFileReference; fileEncoding = 4; lastKnownFileType = sourcecode.swift; path = Space.swift; sourceTree = "<group>"; };
		986747921CBBFD7800559E35 /* Hat+CoreDataProperties.swift */ = {isa = PBXFileReference; fileEncoding = 4; lastKnownFileType = sourcecode.swift; path = "Hat+CoreDataProperties.swift"; sourceTree = "<group>"; };
		986747931CBBFD7800559E35 /* Hat.swift */ = {isa = PBXFileReference; fileEncoding = 4; lastKnownFileType = sourcecode.swift; path = Hat.swift; sourceTree = "<group>"; };
		986747941CBBFD7800559E35 /* Slander+CoreDataProperties.swift */ = {isa = PBXFileReference; fileEncoding = 4; lastKnownFileType = sourcecode.swift; path = "Slander+CoreDataProperties.swift"; sourceTree = "<group>"; };
		986747951CBBFD7800559E35 /* Slander.swift */ = {isa = PBXFileReference; fileEncoding = 4; lastKnownFileType = sourcecode.swift; path = Slander.swift; sourceTree = "<group>"; };
		986747961CBBFD7800559E35 /* Gossip+CoreDataProperties.swift */ = {isa = PBXFileReference; fileEncoding = 4; lastKnownFileType = sourcecode.swift; path = "Gossip+CoreDataProperties.swift"; sourceTree = "<group>"; };
		986747971CBBFD7800559E35 /* Gossip.swift */ = {isa = PBXFileReference; fileEncoding = 4; lastKnownFileType = sourcecode.swift; path = Gossip.swift; sourceTree = "<group>"; };
		986747981CBBFD7800559E35 /* Plebian+CoreDataProperties.swift */ = {isa = PBXFileReference; fileEncoding = 4; lastKnownFileType = sourcecode.swift; path = "Plebian+CoreDataProperties.swift"; sourceTree = "<group>"; };
		986747991CBBFD7800559E35 /* Plebian.swift */ = {isa = PBXFileReference; fileEncoding = 4; lastKnownFileType = sourcecode.swift; path = Plebian.swift; sourceTree = "<group>"; };
		9867479A1CBBFD7800559E35 /* Dandy_+CoreDataProperties.swift */ = {isa = PBXFileReference; fileEncoding = 4; lastKnownFileType = sourcecode.swift; path = "Dandy_+CoreDataProperties.swift"; sourceTree = "<group>"; };
		9867479B1CBBFD7800559E35 /* Dandy_.swift */ = {isa = PBXFileReference; fileEncoding = 4; lastKnownFileType = sourcecode.swift; path = Dandy_.swift; sourceTree = "<group>"; };
		9867479C1CBBFD7800559E35 /* Flattery+CoreDataProperties.swift */ = {isa = PBXFileReference; fileEncoding = 4; lastKnownFileType = sourcecode.swift; path = "Flattery+CoreDataProperties.swift"; sourceTree = "<group>"; };
		9867479D1CBBFD7800559E35 /* Flattery.swift */ = {isa = PBXFileReference; fileEncoding = 4; lastKnownFileType = sourcecode.swift; path = Flattery.swift; sourceTree = "<group>"; };
		9867479E1CBBFD7800559E35 /* Material+CoreDataProperties.swift */ = {isa = PBXFileReference; fileEncoding = 4; lastKnownFileType = sourcecode.swift; path = "Material+CoreDataProperties.swift"; sourceTree = "<group>"; };
		9867479F1CBBFD7800559E35 /* Material.swift */ = {isa = PBXFileReference; fileEncoding = 4; lastKnownFileType = sourcecode.swift; path = Material.swift; sourceTree = "<group>"; };
		986BAF9E1CD2C3BB00F309C0 /* NSFileManager+Directory.swift */ = {isa = PBXFileReference; fileEncoding = 4; lastKnownFileType = sourcecode.swift; path = "NSFileManager+Directory.swift"; sourceTree = "<group>"; };
		988F4A641B3632EE00E71046 /* CoreDataDandyTests.xctest */ = {isa = PBXFileReference; explicitFileType = wrapper.cfbundle; includeInIndex = 0; path = CoreDataDandyTests.xctest; sourceTree = BUILT_PRODUCTS_DIR; };
		988F4A681B3632EE00E71046 /* Info.plist */ = {isa = PBXFileReference; lastKnownFileType = text.plist.xml; path = Info.plist; sourceTree = "<group>"; };
		988F4A691B3632EE00E71046 /* CoreDataDandyTests.swift */ = {isa = PBXFileReference; lastKnownFileType = sourcecode.swift; path = CoreDataDandyTests.swift; sourceTree = "<group>"; };
/* End PBXFileReference section */

/* Begin PBXFrameworksBuildPhase section */
		988F4A611B3632EE00E71046 /* Frameworks */ = {
			isa = PBXFrameworksBuildPhase;
			buildActionMask = 2147483647;
			files = (
			);
			runOnlyForDeploymentPostprocessing = 0;
		};
/* End PBXFrameworksBuildPhase section */

/* Begin PBXGroup section */
		9836F8EF1CBEFE2300AD92DF /* CoreDataDandy */ = {
			isa = PBXGroup;
			children = (
				9836F8F01CBEFE2300AD92DF /* Constants.swift */,
				9836F8F11CBEFE2300AD92DF /* Core */,
				9836F8FB1CBEFE2300AD92DF /* Extensions */,
				9836F8FE1CBEFE2300AD92DF /* Value Conversion */,
			);
			name = CoreDataDandy;
			path = ../Sources;
			sourceTree = "<group>";
		};
		9836F8F11CBEFE2300AD92DF /* Core */ = {
			isa = PBXGroup;
			children = (
				9836F8F21CBEFE2300AD92DF /* CoreDataDandy+Internal.swift */,
				9836F8F31CBEFE2300AD92DF /* CoreDataDandy.swift */,
				9836F8F41CBEFE2300AD92DF /* EntityMapper.swift */,
				9836F8F51CBEFE2300AD92DF /* Logger.swift */,
				9836F8F61CBEFE2300AD92DF /* MappingFinalizer.swift */,
				9836F8F71CBEFE2300AD92DF /* ObjectFactory.swift */,
				9836F8F81CBEFE2300AD92DF /* PersistentStackCoordinator.swift */,
				9836F8F91CBEFE2300AD92DF /* PropertyDescription.swift */,
				9836F8FA1CBEFE2300AD92DF /* Serializer.swift */,
			);
			path = Core;
			sourceTree = "<group>";
		};
		9836F8FB1CBEFE2300AD92DF /* Extensions */ = {
			isa = PBXGroup;
			children = (
				9836F8FC1CBEFE2300AD92DF /* Dictionary+Dandy.swift */,
				9836F8FD1CBEFE2300AD92DF /* NSEntityDescription+Dandy.swift */,
				986BAF9E1CD2C3BB00F309C0 /* NSFileManager+Directory.swift */,
			);
			path = Extensions;
			sourceTree = "<group>";
		};
		9836F8FE1CBEFE2300AD92DF /* Value Conversion */ = {
			isa = PBXGroup;
			children = (
				9836F8FF1CBEFE2300AD92DF /* ConvertibleType.swift */,
				9836F9001CBEFE2300AD92DF /* CoreDataValueConverter.swift */,
				9836F9011CBEFE2300AD92DF /* ValueConverter.swift */,
			);
			path = "Value Conversion";
			sourceTree = "<group>";
		};
		9867478B1CBBFD6400559E35 /* Models */ = {
			isa = PBXGroup;
			children = (
				9867478C1CBBFD6400559E35 /* Conclusion+CoreDataProperties.swift */,
				9867478D1CBBFD6400559E35 /* Conclusion.swift */,
				986747901CBBFD7800559E35 /* Space+CoreDataProperties.swift */,
				986747911CBBFD7800559E35 /* Space.swift */,
				986747921CBBFD7800559E35 /* Hat+CoreDataProperties.swift */,
				986747931CBBFD7800559E35 /* Hat.swift */,
				986747941CBBFD7800559E35 /* Slander+CoreDataProperties.swift */,
				986747951CBBFD7800559E35 /* Slander.swift */,
				986747961CBBFD7800559E35 /* Gossip+CoreDataProperties.swift */,
				986747971CBBFD7800559E35 /* Gossip.swift */,
				986747981CBBFD7800559E35 /* Plebian+CoreDataProperties.swift */,
				986747991CBBFD7800559E35 /* Plebian.swift */,
				9867479A1CBBFD7800559E35 /* Dandy_+CoreDataProperties.swift */,
				9867479B1CBBFD7800559E35 /* Dandy_.swift */,
				9867479C1CBBFD7800559E35 /* Flattery+CoreDataProperties.swift */,
				9867479D1CBBFD7800559E35 /* Flattery.swift */,
				9867479E1CBBFD7800559E35 /* Material+CoreDataProperties.swift */,
				9867479F1CBBFD7800559E35 /* Material.swift */,
			);
			path = Models;
			sourceTree = "<group>";
		};
		988F4A591B3632DC00E71046 = {
			isa = PBXGroup;
			children = (
				9836F8EF1CBEFE2300AD92DF /* CoreDataDandy */,
				988F4A661B3632EE00E71046 /* CoreDataDandyTests */,
				988F4A651B3632EE00E71046 /* Products */,
			);
			sourceTree = "<group>";
		};
		988F4A651B3632EE00E71046 /* Products */ = {
			isa = PBXGroup;
			children = (
				988F4A641B3632EE00E71046 /* CoreDataDandyTests.xctest */,
			);
			name = Products;
			sourceTree = "<group>";
		};
		988F4A661B3632EE00E71046 /* CoreDataDandyTests */ = {
			isa = PBXGroup;
			children = (
				98213DF21C654F19004B732B /* DandyModel.xcdatamodeld */,
				9867478B1CBBFD6400559E35 /* Models */,
				988F4A691B3632EE00E71046 /* CoreDataDandyTests.swift */,
				988F4A671B3632EE00E71046 /* Supporting Files */,
			);
			path = CoreDataDandyTests;
			sourceTree = "<group>";
		};
		988F4A671B3632EE00E71046 /* Supporting Files */ = {
			isa = PBXGroup;
			children = (
				988F4A681B3632EE00E71046 /* Info.plist */,
			);
			name = "Supporting Files";
			sourceTree = "<group>";
		};
/* End PBXGroup section */

/* Begin PBXNativeTarget section */
		988F4A631B3632EE00E71046 /* CoreDataDandyTests */ = {
			isa = PBXNativeTarget;
			buildConfigurationList = 988F4A6B1B3632EE00E71046 /* Build configuration list for PBXNativeTarget "CoreDataDandyTests" */;
			buildPhases = (
				988F4A601B3632EE00E71046 /* Sources */,
				988F4A611B3632EE00E71046 /* Frameworks */,
				988F4A621B3632EE00E71046 /* Resources */,
				98CF216F1C9AEFF000C7423B /* Lint */,
			);
			buildRules = (
			);
			dependencies = (
			);
			name = CoreDataDandyTests;
			productName = CoreDataDandyTests;
			productReference = 988F4A641B3632EE00E71046 /* CoreDataDandyTests.xctest */;
			productType = "com.apple.product-type.bundle.unit-test";
		};
/* End PBXNativeTarget section */

/* Begin PBXProject section */
		988F4A5A1B3632DC00E71046 /* Project object */ = {
			isa = PBXProject;
			attributes = {
				LastSwiftUpdateCheck = 0710;
				LastUpgradeCheck = 0700;
				TargetAttributes = {
					988F4A631B3632EE00E71046 = {
						CreatedOnToolsVersion = 6.3.2;
					};
				};
			};
			buildConfigurationList = 988F4A5D1B3632DC00E71046 /* Build configuration list for PBXProject "CoreDataDandyTests" */;
			compatibilityVersion = "Xcode 3.2";
			developmentRegion = English;
			hasScannedForEncodings = 0;
			knownRegions = (
				en,
			);
			mainGroup = 988F4A591B3632DC00E71046;
			productRefGroup = 988F4A651B3632EE00E71046 /* Products */;
			projectDirPath = "";
			projectRoot = "";
			targets = (
				988F4A631B3632EE00E71046 /* CoreDataDandyTests */,
			);
		};
/* End PBXProject section */

/* Begin PBXResourcesBuildPhase section */
		988F4A621B3632EE00E71046 /* Resources */ = {
			isa = PBXResourcesBuildPhase;
			buildActionMask = 2147483647;
			files = (
			);
			runOnlyForDeploymentPostprocessing = 0;
		};
/* End PBXResourcesBuildPhase section */

/* Begin PBXShellScriptBuildPhase section */
		98CF216F1C9AEFF000C7423B /* Lint */ = {
			isa = PBXShellScriptBuildPhase;
			buildActionMask = 2147483647;
			files = (
			);
			inputPaths = (
			);
			name = Lint;
			outputPaths = (
			);
			runOnlyForDeploymentPostprocessing = 0;
			shellPath = /bin/sh;
			shellScript = "if which swiftlint >/dev/null; then\n    swiftlint\nelse\n    echo \"warning: SwiftLint not installed, download from https://github.com/realm/SwiftLint\"\nfi";
		};
/* End PBXShellScriptBuildPhase section */

/* Begin PBXSourcesBuildPhase section */
		988F4A601B3632EE00E71046 /* Sources */ = {
			isa = PBXSourcesBuildPhase;
			buildActionMask = 2147483647;
			files = (
				986747AF1CBBFD7800559E35 /* Material.swift in Sources */,
				986747A11CBBFD7800559E35 /* Space.swift in Sources */,
				986747AC1CBBFD7800559E35 /* Flattery+CoreDataProperties.swift in Sources */,
				9836F90F1CBEFE2300AD92DF /* CoreDataValueConverter.swift in Sources */,
				9836F90A1CBEFE2300AD92DF /* PropertyDescription.swift in Sources */,
				9836F90C1CBEFE2300AD92DF /* Dictionary+Dandy.swift in Sources */,
				986747AA1CBBFD7800559E35 /* Dandy_+CoreDataProperties.swift in Sources */,
				9836F9081CBEFE2300AD92DF /* ObjectFactory.swift in Sources */,
				988F4A6A1B3632EE00E71046 /* CoreDataDandyTests.swift in Sources */,
				986747A31CBBFD7800559E35 /* Hat.swift in Sources */,
				986747A91CBBFD7800559E35 /* Plebian.swift in Sources */,
				9836F9051CBEFE2300AD92DF /* EntityMapper.swift in Sources */,
				9867478E1CBBFD6400559E35 /* Conclusion+CoreDataProperties.swift in Sources */,
				9836F9071CBEFE2300AD92DF /* MappingFinalizer.swift in Sources */,
				986747A61CBBFD7800559E35 /* Gossip+CoreDataProperties.swift in Sources */,
				986747A71CBBFD7800559E35 /* Gossip.swift in Sources */,
				986BAF9F1CD2C3BB00F309C0 /* NSFileManager+Directory.swift in Sources */,
				986747A51CBBFD7800559E35 /* Slander.swift in Sources */,
				9836F9021CBEFE2300AD92DF /* Constants.swift in Sources */,
				986747A41CBBFD7800559E35 /* Slander+CoreDataProperties.swift in Sources */,
				986747A21CBBFD7800559E35 /* Hat+CoreDataProperties.swift in Sources */,
				9836F9041CBEFE2300AD92DF /* CoreDataDandy.swift in Sources */,
				9836F90B1CBEFE2300AD92DF /* Serializer.swift in Sources */,
				9867478F1CBBFD6400559E35 /* Conclusion.swift in Sources */,
				986747A01CBBFD7800559E35 /* Space+CoreDataProperties.swift in Sources */,
				9836F9101CBEFE2300AD92DF /* ValueConverter.swift in Sources */,
				9836F90D1CBEFE2300AD92DF /* NSEntityDescription+Dandy.swift in Sources */,
				9836F9091CBEFE2300AD92DF /* PersistentStackCoordinator.swift in Sources */,
				986747AB1CBBFD7800559E35 /* Dandy_.swift in Sources */,
				98213DF41C654F19004B732B /* DandyModel.xcdatamodeld in Sources */,
				9836F9061CBEFE2300AD92DF /* Logger.swift in Sources */,
				986747A81CBBFD7800559E35 /* Plebian+CoreDataProperties.swift in Sources */,
				986747AE1CBBFD7800559E35 /* Material+CoreDataProperties.swift in Sources */,
				9836F9031CBEFE2300AD92DF /* CoreDataDandy+Internal.swift in Sources */,
				986747AD1CBBFD7800559E35 /* Flattery.swift in Sources */,
				9836F90E1CBEFE2300AD92DF /* ConvertibleType.swift in Sources */,
			);
			runOnlyForDeploymentPostprocessing = 0;
		};
/* End PBXSourcesBuildPhase section */

/* Begin XCBuildConfiguration section */
		988F4A5E1B3632DC00E71046 /* Debug */ = {
			isa = XCBuildConfiguration;
			buildSettings = {
				ENABLE_TESTABILITY = YES;
				IPHONEOS_DEPLOYMENT_TARGET = 8.0;
				ONLY_ACTIVE_ARCH = YES;
				PROVISIONING_PROFILE = "";
				SDKROOT = iphoneos;
			};
			name = Debug;
		};
		988F4A5F1B3632DC00E71046 /* Release */ = {
			isa = XCBuildConfiguration;
			buildSettings = {
				ENABLE_TESTABILITY = YES;
				IPHONEOS_DEPLOYMENT_TARGET = 8.0;
				PROVISIONING_PROFILE = "";
				SDKROOT = iphoneos;
			};
			name = Release;
		};
		988F4A6C1B3632EE00E71046 /* Debug */ = {
			isa = XCBuildConfiguration;
			buildSettings = {
				ALWAYS_SEARCH_USER_PATHS = NO;
				CLANG_CXX_LANGUAGE_STANDARD = "gnu++0x";
				CLANG_CXX_LIBRARY = "libc++";
				CLANG_ENABLE_MODULES = YES;
				CLANG_ENABLE_OBJC_ARC = YES;
				CLANG_WARN_BOOL_CONVERSION = YES;
				CLANG_WARN_CONSTANT_CONVERSION = YES;
				CLANG_WARN_DIRECT_OBJC_ISA_USAGE = YES_ERROR;
				CLANG_WARN_EMPTY_BODY = YES;
				CLANG_WARN_ENUM_CONVERSION = YES;
				CLANG_WARN_INT_CONVERSION = YES;
				CLANG_WARN_OBJC_ROOT_CLASS = YES_ERROR;
				CLANG_WARN_UNREACHABLE_CODE = YES;
				CLANG_WARN__DUPLICATE_METHOD_MATCH = YES;
				COPY_PHASE_STRIP = NO;
				DEBUG_INFORMATION_FORMAT = "dwarf-with-dsym";
				ENABLE_STRICT_OBJC_MSGSEND = YES;
				ENABLE_TESTABILITY = NO;
				FRAMEWORK_SEARCH_PATHS = "";
				GCC_C_LANGUAGE_STANDARD = gnu99;
				GCC_DYNAMIC_NO_PIC = NO;
				GCC_NO_COMMON_BLOCKS = YES;
				GCC_OPTIMIZATION_LEVEL = 0;
				GCC_PREPROCESSOR_DEFINITIONS = (
					"DEBUG=1",
					"$(inherited)",
					"TEST=1",
				);
				GCC_SYMBOLS_PRIVATE_EXTERN = NO;
				GCC_WARN_64_TO_32_BIT_CONVERSION = YES;
				GCC_WARN_ABOUT_RETURN_TYPE = YES_ERROR;
				GCC_WARN_UNDECLARED_SELECTOR = YES;
				GCC_WARN_UNINITIALIZED_AUTOS = YES_AGGRESSIVE;
				GCC_WARN_UNUSED_FUNCTION = YES;
				GCC_WARN_UNUSED_VARIABLE = YES;
				INFOPLIST_FILE = CoreDataDandyTests/Info.plist;
				IPHONEOS_DEPLOYMENT_TARGET = 9.2;
				LD_RUNPATH_SEARCH_PATHS = "$(inherited) @executable_path/Frameworks @loader_path/Frameworks";
				MTL_ENABLE_DEBUG_INFO = YES;
				ONLY_ACTIVE_ARCH = YES;
				OTHER_SWIFT_FLAGS = "-D DEBUG";
				PRODUCT_BUNDLE_IDENTIFIER = "fuzz.$(PRODUCT_NAME:rfc1034identifier)";
				PRODUCT_NAME = "$(TARGET_NAME)";
				PROVISIONING_PROFILE = "";
				SDKROOT = iphoneos;
				SWIFT_OPTIMIZATION_LEVEL = "-Onone";
			};
			name = Debug;
		};
		988F4A6D1B3632EE00E71046 /* Release */ = {
			isa = XCBuildConfiguration;
			buildSettings = {
				ALWAYS_SEARCH_USER_PATHS = NO;
				CLANG_CXX_LANGUAGE_STANDARD = "gnu++0x";
				CLANG_CXX_LIBRARY = "libc++";
				CLANG_ENABLE_MODULES = YES;
				CLANG_ENABLE_OBJC_ARC = YES;
				CLANG_WARN_BOOL_CONVERSION = YES;
				CLANG_WARN_CONSTANT_CONVERSION = YES;
				CLANG_WARN_DIRECT_OBJC_ISA_USAGE = YES_ERROR;
				CLANG_WARN_EMPTY_BODY = YES;
				CLANG_WARN_ENUM_CONVERSION = YES;
				CLANG_WARN_INT_CONVERSION = YES;
				CLANG_WARN_OBJC_ROOT_CLASS = YES_ERROR;
				CLANG_WARN_UNREACHABLE_CODE = YES;
				CLANG_WARN__DUPLICATE_METHOD_MATCH = YES;
				COPY_PHASE_STRIP = NO;
				DEBUG_INFORMATION_FORMAT = "dwarf-with-dsym";
				ENABLE_NS_ASSERTIONS = NO;
				ENABLE_STRICT_OBJC_MSGSEND = YES;
				ENABLE_TESTABILITY = NO;
				FRAMEWORK_SEARCH_PATHS = "";
				GCC_C_LANGUAGE_STANDARD = gnu99;
				GCC_NO_COMMON_BLOCKS = YES;
				GCC_PREPROCESSOR_DEFINITIONS = "TEST=1";
				GCC_WARN_64_TO_32_BIT_CONVERSION = YES;
				GCC_WARN_ABOUT_RETURN_TYPE = YES_ERROR;
				GCC_WARN_UNDECLARED_SELECTOR = YES;
				GCC_WARN_UNINITIALIZED_AUTOS = YES_AGGRESSIVE;
				GCC_WARN_UNUSED_FUNCTION = YES;
				GCC_WARN_UNUSED_VARIABLE = YES;
				INFOPLIST_FILE = CoreDataDandyTests/Info.plist;
				IPHONEOS_DEPLOYMENT_TARGET = 9.2;
				LD_RUNPATH_SEARCH_PATHS = "$(inherited) @executable_path/Frameworks @loader_path/Frameworks";
				MTL_ENABLE_DEBUG_INFO = NO;
				PRODUCT_BUNDLE_IDENTIFIER = "fuzz.$(PRODUCT_NAME:rfc1034identifier)";
				PRODUCT_NAME = "$(TARGET_NAME)";
				SDKROOT = iphoneos;
				VALIDATE_PRODUCT = YES;
			};
			name = Release;
		};
/* End XCBuildConfiguration section */

/* Begin XCConfigurationList section */
		988F4A5D1B3632DC00E71046 /* Build configuration list for PBXProject "CoreDataDandyTests" */ = {
			isa = XCConfigurationList;
			buildConfigurations = (
				988F4A5E1B3632DC00E71046 /* Debug */,
				988F4A5F1B3632DC00E71046 /* Release */,
			);
			defaultConfigurationIsVisible = 0;
			defaultConfigurationName = Debug;
		};
		988F4A6B1B3632EE00E71046 /* Build configuration list for PBXNativeTarget "CoreDataDandyTests" */ = {
			isa = XCConfigurationList;
			buildConfigurations = (
				988F4A6C1B3632EE00E71046 /* Debug */,
				988F4A6D1B3632EE00E71046 /* Release */,
			);
			defaultConfigurationIsVisible = 0;
			defaultConfigurationName = Debug;
		};
/* End XCConfigurationList section */

/* Begin XCVersionGroup section */
		98213DF21C654F19004B732B /* DandyModel.xcdatamodeld */ = {
			isa = XCVersionGroup;
			children = (
				98213DF31C654F19004B732B /* DandyModel.xcdatamodel */,
			);
			currentVersion = 98213DF31C654F19004B732B /* DandyModel.xcdatamodel */;
			path = DandyModel.xcdatamodeld;
			sourceTree = "<group>";
			versionGroupType = wrapper.xcdatamodel;
		};
/* End XCVersionGroup section */
	};
	rootObject = 988F4A5A1B3632DC00E71046 /* Project object */;
}
