// !$*UTF8*$!
{
	archiveVersion = 1;
	classes = {
	};
	objectVersion = 46;
	objects = {

/* Begin PBXBuildFile section */
		9829C8BA1D0E79E900B5DFCA /* NSFileManager+Directory.swift in Sources */ = {isa = PBXBuildFile; fileRef = 9829C8B91D0E79E900B5DFCA /* NSFileManager+Directory.swift */; };
		98338A971CBF05AA00AB8FD9 /* Constants.swift in Sources */ = {isa = PBXBuildFile; fileRef = 98338A851CBF05AA00AB8FD9 /* Constants.swift */; };
		98338A981CBF05AA00AB8FD9 /* CoreDataDandy+Internal.swift in Sources */ = {isa = PBXBuildFile; fileRef = 98338A871CBF05AA00AB8FD9 /* CoreDataDandy+Internal.swift */; };
		98338A991CBF05AA00AB8FD9 /* CoreDataDandy.swift in Sources */ = {isa = PBXBuildFile; fileRef = 98338A881CBF05AA00AB8FD9 /* CoreDataDandy.swift */; };
		98338A9A1CBF05AA00AB8FD9 /* EntityMapper.swift in Sources */ = {isa = PBXBuildFile; fileRef = 98338A891CBF05AA00AB8FD9 /* EntityMapper.swift */; };
		98338A9B1CBF05AA00AB8FD9 /* Logger.swift in Sources */ = {isa = PBXBuildFile; fileRef = 98338A8A1CBF05AA00AB8FD9 /* Logger.swift */; };
		98338A9C1CBF05AA00AB8FD9 /* MappingFinalizer.swift in Sources */ = {isa = PBXBuildFile; fileRef = 98338A8B1CBF05AA00AB8FD9 /* MappingFinalizer.swift */; };
		98338A9D1CBF05AA00AB8FD9 /* ObjectFactory.swift in Sources */ = {isa = PBXBuildFile; fileRef = 98338A8C1CBF05AA00AB8FD9 /* ObjectFactory.swift */; };
		98338A9E1CBF05AA00AB8FD9 /* PersistentStackCoordinator.swift in Sources */ = {isa = PBXBuildFile; fileRef = 98338A8D1CBF05AA00AB8FD9 /* PersistentStackCoordinator.swift */; };
		98338A9F1CBF05AA00AB8FD9 /* PropertyDescription.swift in Sources */ = {isa = PBXBuildFile; fileRef = 98338A8E1CBF05AA00AB8FD9 /* PropertyDescription.swift */; };
		98338AA01CBF05AA00AB8FD9 /* Serializer.swift in Sources */ = {isa = PBXBuildFile; fileRef = 98338A8F1CBF05AA00AB8FD9 /* Serializer.swift */; };
		98338AA11CBF05AA00AB8FD9 /* Dictionary+Dandy.swift in Sources */ = {isa = PBXBuildFile; fileRef = 98338A911CBF05AA00AB8FD9 /* Dictionary+Dandy.swift */; };
		98338AA21CBF05AA00AB8FD9 /* NSEntityDescription+Dandy.swift in Sources */ = {isa = PBXBuildFile; fileRef = 98338A921CBF05AA00AB8FD9 /* NSEntityDescription+Dandy.swift */; };
		98338AA31CBF05AA00AB8FD9 /* ConvertibleType.swift in Sources */ = {isa = PBXBuildFile; fileRef = 98338A941CBF05AA00AB8FD9 /* ConvertibleType.swift */; };
		98338AA41CBF05AA00AB8FD9 /* CoreDataValueConverter.swift in Sources */ = {isa = PBXBuildFile; fileRef = 98338A951CBF05AA00AB8FD9 /* CoreDataValueConverter.swift */; };
		98338AA51CBF05AA00AB8FD9 /* ValueConverter.swift in Sources */ = {isa = PBXBuildFile; fileRef = 98338A961CBF05AA00AB8FD9 /* ValueConverter.swift */; };
		985CD4DC1C617024005EB9E2 /* CoreDataDandy.h in Headers */ = {isa = PBXBuildFile; fileRef = 985CD4DB1C617024005EB9E2 /* CoreDataDandy.h */; settings = {ATTRIBUTES = (Public, ); }; };
/* End PBXBuildFile section */

/* Begin PBXFileReference section */
		9829C8B91D0E79E900B5DFCA /* NSFileManager+Directory.swift */ = {isa = PBXFileReference; fileEncoding = 4; lastKnownFileType = sourcecode.swift; path = "NSFileManager+Directory.swift"; sourceTree = "<group>"; };
		98338A851CBF05AA00AB8FD9 /* Constants.swift */ = {isa = PBXFileReference; fileEncoding = 4; lastKnownFileType = sourcecode.swift; path = Constants.swift; sourceTree = "<group>"; };
		98338A871CBF05AA00AB8FD9 /* CoreDataDandy+Internal.swift */ = {isa = PBXFileReference; fileEncoding = 4; lastKnownFileType = sourcecode.swift; path = "CoreDataDandy+Internal.swift"; sourceTree = "<group>"; };
		98338A881CBF05AA00AB8FD9 /* CoreDataDandy.swift */ = {isa = PBXFileReference; fileEncoding = 4; lastKnownFileType = sourcecode.swift; path = CoreDataDandy.swift; sourceTree = "<group>"; };
		98338A891CBF05AA00AB8FD9 /* EntityMapper.swift */ = {isa = PBXFileReference; fileEncoding = 4; lastKnownFileType = sourcecode.swift; path = EntityMapper.swift; sourceTree = "<group>"; };
		98338A8A1CBF05AA00AB8FD9 /* Logger.swift */ = {isa = PBXFileReference; fileEncoding = 4; lastKnownFileType = sourcecode.swift; path = Logger.swift; sourceTree = "<group>"; };
		98338A8B1CBF05AA00AB8FD9 /* MappingFinalizer.swift */ = {isa = PBXFileReference; fileEncoding = 4; lastKnownFileType = sourcecode.swift; path = MappingFinalizer.swift; sourceTree = "<group>"; };
		98338A8C1CBF05AA00AB8FD9 /* ObjectFactory.swift */ = {isa = PBXFileReference; fileEncoding = 4; lastKnownFileType = sourcecode.swift; path = ObjectFactory.swift; sourceTree = "<group>"; };
		98338A8D1CBF05AA00AB8FD9 /* PersistentStackCoordinator.swift */ = {isa = PBXFileReference; fileEncoding = 4; lastKnownFileType = sourcecode.swift; path = PersistentStackCoordinator.swift; sourceTree = "<group>"; };
		98338A8E1CBF05AA00AB8FD9 /* PropertyDescription.swift */ = {isa = PBXFileReference; fileEncoding = 4; lastKnownFileType = sourcecode.swift; path = PropertyDescription.swift; sourceTree = "<group>"; };
		98338A8F1CBF05AA00AB8FD9 /* Serializer.swift */ = {isa = PBXFileReference; fileEncoding = 4; lastKnownFileType = sourcecode.swift; path = Serializer.swift; sourceTree = "<group>"; };
		98338A911CBF05AA00AB8FD9 /* Dictionary+Dandy.swift */ = {isa = PBXFileReference; fileEncoding = 4; lastKnownFileType = sourcecode.swift; path = "Dictionary+Dandy.swift"; sourceTree = "<group>"; };
		98338A921CBF05AA00AB8FD9 /* NSEntityDescription+Dandy.swift */ = {isa = PBXFileReference; fileEncoding = 4; lastKnownFileType = sourcecode.swift; path = "NSEntityDescription+Dandy.swift"; sourceTree = "<group>"; };
		98338A941CBF05AA00AB8FD9 /* ConvertibleType.swift */ = {isa = PBXFileReference; fileEncoding = 4; lastKnownFileType = sourcecode.swift; path = ConvertibleType.swift; sourceTree = "<group>"; };
		98338A951CBF05AA00AB8FD9 /* CoreDataValueConverter.swift */ = {isa = PBXFileReference; fileEncoding = 4; lastKnownFileType = sourcecode.swift; path = CoreDataValueConverter.swift; sourceTree = "<group>"; };
		98338A961CBF05AA00AB8FD9 /* ValueConverter.swift */ = {isa = PBXFileReference; fileEncoding = 4; lastKnownFileType = sourcecode.swift; path = ValueConverter.swift; sourceTree = "<group>"; };
		985CD4D81C617024005EB9E2 /* CoreDataDandy.framework */ = {isa = PBXFileReference; explicitFileType = wrapper.framework; includeInIndex = 0; path = CoreDataDandy.framework; sourceTree = BUILT_PRODUCTS_DIR; };
		985CD4DB1C617024005EB9E2 /* CoreDataDandy.h */ = {isa = PBXFileReference; lastKnownFileType = sourcecode.c.h; path = CoreDataDandy.h; sourceTree = "<group>"; };
		985CD4DD1C617024005EB9E2 /* Info.plist */ = {isa = PBXFileReference; lastKnownFileType = text.plist.xml; path = Info.plist; sourceTree = "<group>"; };
/* End PBXFileReference section */

/* Begin PBXFrameworksBuildPhase section */
		985CD4D41C617024005EB9E2 /* Frameworks */ = {
			isa = PBXFrameworksBuildPhase;
			buildActionMask = 2147483647;
			files = (
			);
			runOnlyForDeploymentPostprocessing = 0;
		};
/* End PBXFrameworksBuildPhase section */

/* Begin PBXGroup section */
		98338A841CBF05AA00AB8FD9 /* Sources */ = {
			isa = PBXGroup;
			children = (
				98338A851CBF05AA00AB8FD9 /* Constants.swift */,
				98338A861CBF05AA00AB8FD9 /* Core */,
				98338A901CBF05AA00AB8FD9 /* Extensions */,
				98338A931CBF05AA00AB8FD9 /* Value Conversion */,
			);
			name = Sources;
			path = ../../Sources;
			sourceTree = "<group>";
		};
		98338A861CBF05AA00AB8FD9 /* Core */ = {
			isa = PBXGroup;
			children = (
				98338A871CBF05AA00AB8FD9 /* CoreDataDandy+Internal.swift */,
				98338A881CBF05AA00AB8FD9 /* CoreDataDandy.swift */,
				98338A891CBF05AA00AB8FD9 /* EntityMapper.swift */,
				98338A8A1CBF05AA00AB8FD9 /* Logger.swift */,
				98338A8B1CBF05AA00AB8FD9 /* MappingFinalizer.swift */,
				98338A8C1CBF05AA00AB8FD9 /* ObjectFactory.swift */,
				98338A8D1CBF05AA00AB8FD9 /* PersistentStackCoordinator.swift */,
				98338A8E1CBF05AA00AB8FD9 /* PropertyDescription.swift */,
				98338A8F1CBF05AA00AB8FD9 /* Serializer.swift */,
			);
			path = Core;
			sourceTree = "<group>";
		};
		98338A901CBF05AA00AB8FD9 /* Extensions */ = {
			isa = PBXGroup;
			children = (
				9829C8B91D0E79E900B5DFCA /* NSFileManager+Directory.swift */,
				98338A911CBF05AA00AB8FD9 /* Dictionary+Dandy.swift */,
				98338A921CBF05AA00AB8FD9 /* NSEntityDescription+Dandy.swift */,
			);
			path = Extensions;
			sourceTree = "<group>";
		};
		98338A931CBF05AA00AB8FD9 /* Value Conversion */ = {
			isa = PBXGroup;
			children = (
				98338A941CBF05AA00AB8FD9 /* ConvertibleType.swift */,
				98338A951CBF05AA00AB8FD9 /* CoreDataValueConverter.swift */,
				98338A961CBF05AA00AB8FD9 /* ValueConverter.swift */,
			);
			path = "Value Conversion";
			sourceTree = "<group>";
		};
		985CD4CE1C617024005EB9E2 = {
			isa = PBXGroup;
			children = (
				985CD4DA1C617024005EB9E2 /* CoreDataDandy */,
				985CD4D91C617024005EB9E2 /* Products */,
			);
			sourceTree = "<group>";
		};
		985CD4D91C617024005EB9E2 /* Products */ = {
			isa = PBXGroup;
			children = (
				985CD4D81C617024005EB9E2 /* CoreDataDandy.framework */,
			);
			name = Products;
			sourceTree = "<group>";
		};
		985CD4DA1C617024005EB9E2 /* CoreDataDandy */ = {
			isa = PBXGroup;
			children = (
				985CD4DB1C617024005EB9E2 /* CoreDataDandy.h */,
				98338A841CBF05AA00AB8FD9 /* Sources */,
				985CD4DD1C617024005EB9E2 /* Info.plist */,
			);
			path = CoreDataDandy;
			sourceTree = "<group>";
		};
/* End PBXGroup section */

/* Begin PBXHeadersBuildPhase section */
		985CD4D51C617024005EB9E2 /* Headers */ = {
			isa = PBXHeadersBuildPhase;
			buildActionMask = 2147483647;
			files = (
				985CD4DC1C617024005EB9E2 /* CoreDataDandy.h in Headers */,
			);
			runOnlyForDeploymentPostprocessing = 0;
		};
/* End PBXHeadersBuildPhase section */

/* Begin PBXNativeTarget section */
		985CD4D71C617024005EB9E2 /* CoreDataDandy */ = {
			isa = PBXNativeTarget;
			buildConfigurationList = 985CD4E01C617024005EB9E2 /* Build configuration list for PBXNativeTarget "CoreDataDandy" */;
			buildPhases = (
				985CD4D31C617024005EB9E2 /* Sources */,
				985CD4D41C617024005EB9E2 /* Frameworks */,
				985CD4D51C617024005EB9E2 /* Headers */,
				985CD4D61C617024005EB9E2 /* Resources */,
			);
			buildRules = (
			);
			dependencies = (
			);
			name = CoreDataDandy;
			productName = CoreDataDandy;
			productReference = 985CD4D81C617024005EB9E2 /* CoreDataDandy.framework */;
			productType = "com.apple.product-type.framework";
		};
/* End PBXNativeTarget section */

/* Begin PBXProject section */
		985CD4CF1C617024005EB9E2 /* Project object */ = {
			isa = PBXProject;
			attributes = {
				LastUpgradeCheck = 0720;
				ORGANIZATIONNAME = "Fuzz Productions";
				TargetAttributes = {
					985CD4D71C617024005EB9E2 = {
						CreatedOnToolsVersion = 7.2;
					};
				};
			};
			buildConfigurationList = 985CD4D21C617024005EB9E2 /* Build configuration list for PBXProject "CoreDataDandy" */;
			compatibilityVersion = "Xcode 3.2";
			developmentRegion = English;
			hasScannedForEncodings = 0;
			knownRegions = (
				en,
			);
			mainGroup = 985CD4CE1C617024005EB9E2;
			productRefGroup = 985CD4D91C617024005EB9E2 /* Products */;
			projectDirPath = "";
			projectRoot = "";
			targets = (
				985CD4D71C617024005EB9E2 /* CoreDataDandy */,
			);
		};
/* End PBXProject section */

/* Begin PBXResourcesBuildPhase section */
		985CD4D61C617024005EB9E2 /* Resources */ = {
			isa = PBXResourcesBuildPhase;
			buildActionMask = 2147483647;
			files = (
			);
			runOnlyForDeploymentPostprocessing = 0;
		};
/* End PBXResourcesBuildPhase section */

/* Begin PBXSourcesBuildPhase section */
		985CD4D31C617024005EB9E2 /* Sources */ = {
			isa = PBXSourcesBuildPhase;
			buildActionMask = 2147483647;
			files = (
				98338A9B1CBF05AA00AB8FD9 /* Logger.swift in Sources */,
				98338A981CBF05AA00AB8FD9 /* CoreDataDandy+Internal.swift in Sources */,
				98338A9D1CBF05AA00AB8FD9 /* ObjectFactory.swift in Sources */,
				98338AA11CBF05AA00AB8FD9 /* Dictionary+Dandy.swift in Sources */,
				9829C8BA1D0E79E900B5DFCA /* NSFileManager+Directory.swift in Sources */,
				98338A991CBF05AA00AB8FD9 /* CoreDataDandy.swift in Sources */,
				98338AA41CBF05AA00AB8FD9 /* CoreDataValueConverter.swift in Sources */,
				98338A9E1CBF05AA00AB8FD9 /* PersistentStackCoordinator.swift in Sources */,
				98338A9F1CBF05AA00AB8FD9 /* PropertyDescription.swift in Sources */,
				98338A9C1CBF05AA00AB8FD9 /* MappingFinalizer.swift in Sources */,
				98338AA51CBF05AA00AB8FD9 /* ValueConverter.swift in Sources */,
				98338A971CBF05AA00AB8FD9 /* Constants.swift in Sources */,
				98338A9A1CBF05AA00AB8FD9 /* EntityMapper.swift in Sources */,
				98338AA31CBF05AA00AB8FD9 /* ConvertibleType.swift in Sources */,
				98338AA01CBF05AA00AB8FD9 /* Serializer.swift in Sources */,
				98338AA21CBF05AA00AB8FD9 /* NSEntityDescription+Dandy.swift in Sources */,
			);
			runOnlyForDeploymentPostprocessing = 0;
		};
/* End PBXSourcesBuildPhase section */

/* Begin XCBuildConfiguration section */
		985CD4DE1C617024005EB9E2 /* Debug */ = {
			isa = XCBuildConfiguration;
			buildSettings = {
				ALWAYS_SEARCH_USER_PATHS = NO;
				CLANG_CXX_LANGUAGE_STANDARD = "gnu++0x";
				CLANG_CXX_LIBRARY = "libc++";
				CLANG_ENABLE_MODULES = YES;
				CLANG_ENABLE_OBJC_ARC = YES;
				CLANG_WARN_BOOL_CONVERSION = YES;
				CLANG_WARN_CONSTANT_CONVERSION = YES;
				CLANG_WARN_DIRECT_OBJC_ISA_USAGE = YES_ERROR;
				CLANG_WARN_EMPTY_BODY = YES;
				CLANG_WARN_ENUM_CONVERSION = YES;
				CLANG_WARN_INT_CONVERSION = YES;
				CLANG_WARN_OBJC_ROOT_CLASS = YES_ERROR;
				CLANG_WARN_UNREACHABLE_CODE = YES;
				CLANG_WARN__DUPLICATE_METHOD_MATCH = YES;
				"CODE_SIGN_IDENTITY[sdk=iphoneos*]" = "iPhone Developer";
				COPY_PHASE_STRIP = NO;
				CURRENT_PROJECT_VERSION = 1;
				DEBUG_INFORMATION_FORMAT = dwarf;
				ENABLE_STRICT_OBJC_MSGSEND = YES;
				ENABLE_TESTABILITY = YES;
				GCC_C_LANGUAGE_STANDARD = gnu99;
				GCC_DYNAMIC_NO_PIC = NO;
				GCC_NO_COMMON_BLOCKS = YES;
				GCC_OPTIMIZATION_LEVEL = 0;
				GCC_PREPROCESSOR_DEFINITIONS = (
					"DEBUG=1",
					"$(inherited)",
				);
				GCC_WARN_64_TO_32_BIT_CONVERSION = YES;
				GCC_WARN_ABOUT_RETURN_TYPE = YES_ERROR;
				GCC_WARN_UNDECLARED_SELECTOR = YES;
				GCC_WARN_UNINITIALIZED_AUTOS = YES_AGGRESSIVE;
				GCC_WARN_UNUSED_FUNCTION = YES;
				GCC_WARN_UNUSED_VARIABLE = YES;
				IPHONEOS_DEPLOYMENT_TARGET = 9.2;
				MTL_ENABLE_DEBUG_INFO = YES;
				ONLY_ACTIVE_ARCH = YES;
				SDKROOT = iphoneos;
				SWIFT_OPTIMIZATION_LEVEL = "-Onone";
				TARGETED_DEVICE_FAMILY = "1,2";
				VERSIONING_SYSTEM = "apple-generic";
				VERSION_INFO_PREFIX = "";
			};
			name = Debug;
		};
		985CD4DF1C617024005EB9E2 /* Release */ = {
			isa = XCBuildConfiguration;
			buildSettings = {
				ALWAYS_SEARCH_USER_PATHS = NO;
				CLANG_CXX_LANGUAGE_STANDARD = "gnu++0x";
				CLANG_CXX_LIBRARY = "libc++";
				CLANG_ENABLE_MODULES = YES;
				CLANG_ENABLE_OBJC_ARC = YES;
				CLANG_WARN_BOOL_CONVERSION = YES;
				CLANG_WARN_CONSTANT_CONVERSION = YES;
				CLANG_WARN_DIRECT_OBJC_ISA_USAGE = YES_ERROR;
				CLANG_WARN_EMPTY_BODY = YES;
				CLANG_WARN_ENUM_CONVERSION = YES;
				CLANG_WARN_INT_CONVERSION = YES;
				CLANG_WARN_OBJC_ROOT_CLASS = YES_ERROR;
				CLANG_WARN_UNREACHABLE_CODE = YES;
				CLANG_WARN__DUPLICATE_METHOD_MATCH = YES;
				"CODE_SIGN_IDENTITY[sdk=iphoneos*]" = "iPhone Developer";
				COPY_PHASE_STRIP = NO;
				CURRENT_PROJECT_VERSION = 1;
				DEBUG_INFORMATION_FORMAT = "dwarf-with-dsym";
				ENABLE_NS_ASSERTIONS = NO;
				ENABLE_STRICT_OBJC_MSGSEND = YES;
				GCC_C_LANGUAGE_STANDARD = gnu99;
				GCC_NO_COMMON_BLOCKS = YES;
				GCC_WARN_64_TO_32_BIT_CONVERSION = YES;
				GCC_WARN_ABOUT_RETURN_TYPE = YES_ERROR;
				GCC_WARN_UNDECLARED_SELECTOR = YES;
				GCC_WARN_UNINITIALIZED_AUTOS = YES_AGGRESSIVE;
				GCC_WARN_UNUSED_FUNCTION = YES;
				GCC_WARN_UNUSED_VARIABLE = YES;
				IPHONEOS_DEPLOYMENT_TARGET = 9.2;
				MTL_ENABLE_DEBUG_INFO = NO;
				SDKROOT = iphoneos;
				TARGETED_DEVICE_FAMILY = "1,2";
				VALIDATE_PRODUCT = YES;
				VERSIONING_SYSTEM = "apple-generic";
				VERSION_INFO_PREFIX = "";
			};
			name = Release;
		};
		985CD4E11C617024005EB9E2 /* Debug */ = {
			isa = XCBuildConfiguration;
			buildSettings = {
				DEFINES_MODULE = YES;
				DYLIB_COMPATIBILITY_VERSION = 1;
				DYLIB_CURRENT_VERSION = 1;
				DYLIB_INSTALL_NAME_BASE = "@rpath";
				INFOPLIST_FILE = CoreDataDandy/Info.plist;
				INSTALL_PATH = "$(LOCAL_LIBRARY_DIR)/Frameworks";
				IPHONEOS_DEPLOYMENT_TARGET = 8.0;
				LD_RUNPATH_SEARCH_PATHS = "$(inherited) @executable_path/Frameworks @loader_path/Frameworks";
				PRODUCT_BUNDLE_IDENTIFIER = com.fuzz.CoreDataDandy;
				PRODUCT_NAME = "$(TARGET_NAME)";
				SKIP_INSTALL = YES;
			};
			name = Debug;
		};
		985CD4E21C617024005EB9E2 /* Release */ = {
			isa = XCBuildConfiguration;
			buildSettings = {
				DEFINES_MODULE = YES;
				DYLIB_COMPATIBILITY_VERSION = 1;
				DYLIB_CURRENT_VERSION = 1;
				DYLIB_INSTALL_NAME_BASE = "@rpath";
				INFOPLIST_FILE = CoreDataDandy/Info.plist;
				INSTALL_PATH = "$(LOCAL_LIBRARY_DIR)/Frameworks";
				IPHONEOS_DEPLOYMENT_TARGET = 8.0;
				LD_RUNPATH_SEARCH_PATHS = "$(inherited) @executable_path/Frameworks @loader_path/Frameworks";
				PRODUCT_BUNDLE_IDENTIFIER = com.fuzz.CoreDataDandy;
				PRODUCT_NAME = "$(TARGET_NAME)";
				SKIP_INSTALL = YES;
			};
			name = Release;
		};
/* End XCBuildConfiguration section */

/* Begin XCConfigurationList section */
		985CD4D21C617024005EB9E2 /* Build configuration list for PBXProject "CoreDataDandy" */ = {
			isa = XCConfigurationList;
			buildConfigurations = (
				985CD4DE1C617024005EB9E2 /* Debug */,
				985CD4DF1C617024005EB9E2 /* Release */,
			);
			defaultConfigurationIsVisible = 0;
			defaultConfigurationName = Release;
		};
		985CD4E01C617024005EB9E2 /* Build configuration list for PBXNativeTarget "CoreDataDandy" */ = {
			isa = XCConfigurationList;
			buildConfigurations = (
				985CD4E11C617024005EB9E2 /* Debug */,
				985CD4E21C617024005EB9E2 /* Release */,
			);
			defaultConfigurationIsVisible = 0;
			defaultConfigurationName = Release;
		};
/* End XCConfigurationList section */
	};
	rootObject = 985CD4CF1C617024005EB9E2 /* Project object */;
}
